
Microsoft Visual Studio Solution File, Format Version 12.00
# Visual Studio 15
VisualStudioVersion = 15.0.26228.4
MinimumVisualStudioVersion = 10.0.40219.1
Project("{FAE04EC0-301F-11D3-BF4B-00C04F79EFBC}") = "automatedteller", "automatedteller\automatedteller.csproj", "{5F23FCB3-AE60-454A-8608-C1820CB35109}"
EndProject
Project("{FAE04EC0-301F-11D3-BF4B-00C04F79EFBC}") = "automatedteller.Tests", "automatedteller.Tests\automatedteller.Tests.csproj", "{F67AEECD-A3D7-4869-9F94-01C2505594CC}"
EndProject
Global
	GlobalSection(SolutionConfigurationPlatforms) = preSolution
		Debug|Any CPU = Debug|Any CPU
		Release|Any CPU = Release|Any CPU
	EndGlobalSection
	GlobalSection(ProjectConfigurationPlatforms) = postSolution
		{5F23FCB3-AE60-454A-8608-C1820CB35109}.Debug|Any CPU.ActiveCfg = Debug|Any CPU
		{5F23FCB3-AE60-454A-8608-C1820CB35109}.Debug|Any CPU.Build.0 = Debug|Any CPU
		{5F23FCB3-AE60-454A-8608-C1820CB35109}.Release|Any CPU.ActiveCfg = Release|Any CPU
		{5F23FCB3-AE60-454A-8608-C1820CB35109}.Release|Any CPU.Build.0 = Release|Any CPU
		{F67AEECD-A3D7-4869-9F94-01C2505594CC}.Debug|Any CPU.ActiveCfg = Debug|Any CPU
		{F67AEECD-A3D7-4869-9F94-01C2505594CC}.Debug|Any CPU.Build.0 = Debug|Any CPU
		{F67AEECD-A3D7-4869-9F94-01C2505594CC}.Release|Any CPU.ActiveCfg = Release|Any CPU
		{F67AEECD-A3D7-4869-9F94-01C2505594CC}.Release|Any CPU.Build.0 = Release|Any CPU
	EndGlobalSection
	GlobalSection(SolutionProperties) = preSolution
		HideSolutionNode = FALSE
	EndGlobalSection
EndGlobal
